
Microsoft Visual Studio Solution File, Format Version 12.00
# Visual Studio 15
VisualStudioVersion = 15.0.28010.2046
MinimumVisualStudioVersion = 10.0.40219.1
Project("{FAE04EC0-301F-11D3-BF4B-00C04F79EFBC}") = "CodeAnalyzer", "CodeAnalyzer\CodeAnalyzer.csproj", "{F87C556F-21BB-41D2-957A-34C312850375}"
EndProject
Global
	GlobalSection(SolutionConfigurationPlatforms) = preSolution
		Debug|Any CPU = Debug|Any CPU
		Release|Any CPU = Release|Any CPU
	EndGlobalSection
	GlobalSection(ProjectConfigurationPlatforms) = postSolution
		{F87C556F-21BB-41D2-957A-34C312850375}.Debug|Any CPU.ActiveCfg = Debug|Any CPU
		{F87C556F-21BB-41D2-957A-34C312850375}.Debug|Any CPU.Build.0 = Debug|Any CPU
		{F87C556F-21BB-41D2-957A-34C312850375}.Release|Any CPU.ActiveCfg = Release|Any CPU
		{F87C556F-21BB-41D2-957A-34C312850375}.Release|Any CPU.Build.0 = Release|Any CPU
	EndGlobalSection
	GlobalSection(SolutionProperties) = preSolution
		HideSolutionNode = FALSE
	EndGlobalSection
	GlobalSection(ExtensibilityGlobals) = postSolution
		SolutionGuid = {DA16DEF8-8EED-4189-8A58-6EE8B6E422B6}
	EndGlobalSection
EndGlobal
